
Microsoft Visual Studio Solution File, Format Version 12.00
# Visual Studio Version 17
VisualStudioVersion = 17.5.33414.496
MinimumVisualStudioVersion = 10.0.40219.1
Project("{9A19103F-16F7-4668-BE54-9A1E7A4F7556}") = "BlazorExpenseTracker.UI", "BlazorExpenseTracker.UI\BlazorExpenseTracker.UI.csproj", "{24E9D122-1B72-403B-B6A2-3AD4F290F7BC}"
EndProject
Project("{9A19103F-16F7-4668-BE54-9A1E7A4F7556}") = "BlazorExpenseTracker.Model", "BlazorExpenseTracker.Model\BlazorExpenseTracker.Model.csproj", "{C3CC8B95-F10E-4F7E-96C8-095358A25465}"
EndProject
Project("{9A19103F-16F7-4668-BE54-9A1E7A4F7556}") = "BlazorExpenseTracker.Data", "BlazorExpenseTracker.Data\BlazorExpenseTracker.Data.csproj", "{3BFACF54-5DC2-4C57-B8F4-2F7A1201F4ED}"
EndProject
Project("{9A19103F-16F7-4668-BE54-9A1E7A4F7556}") = "BlazorExpenseTracker.API", "BlazorExpenseTracker.API\BlazorExpenseTracker.API.csproj", "{3CE541E1-D937-4DBC-A66D-7603AA24AE0C}"
EndProject
Global
	GlobalSection(SolutionConfigurationPlatforms) = preSolution
		Debug|Any CPU = Debug|Any CPU
		Release|Any CPU = Release|Any CPU
	EndGlobalSection
	GlobalSection(ProjectConfigurationPlatforms) = postSolution
		{24E9D122-1B72-403B-B6A2-3AD4F290F7BC}.Debug|Any CPU.ActiveCfg = Debug|Any CPU
		{24E9D122-1B72-403B-B6A2-3AD4F290F7BC}.Debug|Any CPU.Build.0 = Debug|Any CPU
		{24E9D122-1B72-403B-B6A2-3AD4F290F7BC}.Release|Any CPU.ActiveCfg = Release|Any CPU
		{24E9D122-1B72-403B-B6A2-3AD4F290F7BC}.Release|Any CPU.Build.0 = Release|Any CPU
		{C3CC8B95-F10E-4F7E-96C8-095358A25465}.Debug|Any CPU.ActiveCfg = Debug|Any CPU
		{C3CC8B95-F10E-4F7E-96C8-095358A25465}.Debug|Any CPU.Build.0 = Debug|Any CPU
		{C3CC8B95-F10E-4F7E-96C8-095358A25465}.Release|Any CPU.ActiveCfg = Release|Any CPU
		{C3CC8B95-F10E-4F7E-96C8-095358A25465}.Release|Any CPU.Build.0 = Release|Any CPU
		{3BFACF54-5DC2-4C57-B8F4-2F7A1201F4ED}.Debug|Any CPU.ActiveCfg = Debug|Any CPU
		{3BFACF54-5DC2-4C57-B8F4-2F7A1201F4ED}.Debug|Any CPU.Build.0 = Debug|Any CPU
		{3BFACF54-5DC2-4C57-B8F4-2F7A1201F4ED}.Release|Any CPU.ActiveCfg = Release|Any CPU
		{3BFACF54-5DC2-4C57-B8F4-2F7A1201F4ED}.Release|Any CPU.Build.0 = Release|Any CPU
		{3CE541E1-D937-4DBC-A66D-7603AA24AE0C}.Debug|Any CPU.ActiveCfg = Debug|Any CPU
		{3CE541E1-D937-4DBC-A66D-7603AA24AE0C}.Debug|Any CPU.Build.0 = Debug|Any CPU
		{3CE541E1-D937-4DBC-A66D-7603AA24AE0C}.Release|Any CPU.ActiveCfg = Release|Any CPU
		{3CE541E1-D937-4DBC-A66D-7603AA24AE0C}.Release|Any CPU.Build.0 = Release|Any CPU
	EndGlobalSection
	GlobalSection(SolutionProperties) = preSolution
		HideSolutionNode = FALSE
	EndGlobalSection
	GlobalSection(ExtensibilityGlobals) = postSolution
		SolutionGuid = {0F444266-934A-4E2E-B56C-0FDA584DD1FC}
	EndGlobalSection
EndGlobal
